
Microsoft Visual Studio Solution File, Format Version 12.00
# Visual Studio 14
VisualStudioVersion = 14.0.25123.0
MinimumVisualStudioVersion = 10.0.40219.1
Project("{FAE04EC0-301F-11D3-BF4B-00C04F79EFBC}") = "SlidingApps.TaskRunner.Foundation.Configuration", "SlidingApps.TaskRunner.Foundation.Configuration\SlidingApps.TaskRunner.Foundation.Configuration.csproj", "{036BA076-A10B-4A2F-B2FD-9174D7F30F0F}"
EndProject
Project("{2150E333-8FDC-42A3-9474-1A3956D46DE8}") = "00.Foundation", "00.Foundation", "{026944D3-454F-494B-BBFC-21864AE812B0}"
EndProject
Project("{FAE04EC0-301F-11D3-BF4B-00C04F79EFBC}") = "SlidingApps.TaskRunner.Foundation.Infrastructure.Contract", "SlidingApps.TaskRunner.Foundation.Infrastructure.Contract\SlidingApps.TaskRunner.Foundation.Infrastructure.Contract.csproj", "{F9116265-9F56-4C65-B3E6-124ED20A6721}"
EndProject
Project("{2150E333-8FDC-42A3-9474-1A3956D46DE8}") = "99.Solution Items", "99.Solution Items", "{39F01D97-B55E-456C-B3ED-CACD621BD596}"
	ProjectSection(SolutionItems) = preProject
		AssemblySharedInfo.cs = AssemblySharedInfo.cs
		AssemblyVersionInfo.cs = AssemblyVersionInfo.cs
	EndProjectSection
EndProject
Project("{FAE04EC0-301F-11D3-BF4B-00C04F79EFBC}") = "SlidingApps.TaskRunner.Foundation.Infrastructure", "SlidingApps.TaskRunner.Foundation.Infrastructure\SlidingApps.TaskRunner.Foundation.Infrastructure.csproj", "{34A3A49F-D391-4F83-A10D-4CFEEA3DFDF9}"
EndProject
Project("{FAE04EC0-301F-11D3-BF4B-00C04F79EFBC}") = "SlidingApps.TaskRunner.Foundation.Contract", "SlidingApps.TaskRunner.Foundation.Contract\SlidingApps.TaskRunner.Foundation.Contract.csproj", "{E13532DE-5159-4031-95F3-BFDA5053342B}"
EndProject
Project("{FAE04EC0-301F-11D3-BF4B-00C04F79EFBC}") = "SlidingApps.TaskRunner.Foundation", "SlidingApps.TaskRunner.Foundation\SlidingApps.TaskRunner.Foundation.csproj", "{C57FD21D-CC3B-4BAC-9431-19D92EFCCB2B}"
EndProject
Project("{FAE04EC0-301F-11D3-BF4B-00C04F79EFBC}") = "SlidingApps.TaskRunner.Foundation.Dapper.Contract", "SlidingApps.TaskRunner.Foundation.Dapper.Contract\SlidingApps.TaskRunner.Foundation.Dapper.Contract.csproj", "{D669B2A8-D7B2-48DF-8A9C-ADC09A704B32}"
EndProject
Project("{FAE04EC0-301F-11D3-BF4B-00C04F79EFBC}") = "SlidingApps.TaskRunner.Foundation.Dapper", "SlidingApps.TaskRunner.Foundation.Dapper\SlidingApps.TaskRunner.Foundation.Dapper.csproj", "{5BF4F4DE-54EE-4D00-9079-EF071A300076}"
EndProject
Project("{FAE04EC0-301F-11D3-BF4B-00C04F79EFBC}") = "SlidingApps.TaskRunner.Foundation.NHibernate.Contract", "SlidingApps.TaskRunner.Foundation.NHibernate.Contract\SlidingApps.TaskRunner.Foundation.NHibernate.Contract.csproj", "{E123D615-8BA3-438C-8E46-B99E09312522}"
EndProject
Project("{FAE04EC0-301F-11D3-BF4B-00C04F79EFBC}") = "SlidingApps.TaskRunner.Foundation.NHibernate", "SlidingApps.TaskRunner.Foundation.NHibernate\SlidingApps.TaskRunner.Foundation.NHibernate.csproj", "{147DCDD1-7B9C-45DE-BC2D-9756D687B79B}"
EndProject
Project("{FAE04EC0-301F-11D3-BF4B-00C04F79EFBC}") = "SlidingApps.TaskRunner.Foundation.Web", "SlidingApps.TaskRunner.Foundation.Web\SlidingApps.TaskRunner.Foundation.Web.csproj", "{8E0FEBBF-FC49-439C-AC8D-24E0A327783A}"
EndProject
Project("{2150E333-8FDC-42A3-9474-1A3956D46DE8}") = "10.WriteModel", "10.WriteModel", "{3CBEC72E-1DE8-4E59-9C89-26E23B41D27E}"
EndProject
Project("{2150E333-8FDC-42A3-9474-1A3956D46DE8}") = "20.ReadModel", "20.ReadModel", "{66C75565-40B6-4FFC-9DD4-C13B16BAC826}"
EndProject
Project("{FAE04EC0-301F-11D3-BF4B-00C04F79EFBC}") = "SlidingApps.TaskRunner.Foundation.MassTransit", "SlidingApps.TaskRunner.Foundation.MassTransit\SlidingApps.TaskRunner.Foundation.MassTransit.csproj", "{C866A9C7-BF83-46F7-A8AE-7204BBBCFC7C}"
EndProject
Project("{2150E333-8FDC-42A3-9474-1A3956D46DE8}") = "30.Services", "30.Services", "{33DD99B4-5A17-4BEE-A5C9-ED2A41B3E14B}"
EndProject
Project("{2150E333-8FDC-42A3-9474-1A3956D46DE8}") = "40.Tools", "40.Tools", "{283426EB-B821-4AF2-908E-EC30DFCD1351}"
EndProject
Project("{FAE04EC0-301F-11D3-BF4B-00C04F79EFBC}") = "WebApiProxy.CommandLine", "WebApiProxy.CommandLine\WebApiProxy.CommandLine.csproj", "{D218198B-AFA0-44C1-8931-0B9DA80C7C49}"
EndProject
Project("{FAE04EC0-301F-11D3-BF4B-00C04F79EFBC}") = "SlidingApps.TaskRunner.CommandLine.Contract", "SlidingApps.TaskRunner.CommandLine.Contract\SlidingApps.TaskRunner.CommandLine.Contract.csproj", "{CE2EE3A6-73D7-46DA-9716-8D4115FB66D7}"
EndProject
Project("{FAE04EC0-301F-11D3-BF4B-00C04F79EFBC}") = "SlidingApps.TaskRunner.CommandLine", "SlidingApps.TaskRunner.CommandLine\SlidingApps.TaskRunner.CommandLine.csproj", "{6CCDD3C7-9161-4E74-BB4E-D72FEE60CBC3}"
EndProject
Project("{2150E333-8FDC-42A3-9474-1A3956D46DE8}") = "90.Script", "90.Script", "{F58CB8EE-4E8F-4DFA-B4C2-5A557799C1F5}"
EndProject
Project("{FAE04EC0-301F-11D3-BF4B-00C04F79EFBC}") = "SlidingApps.TaskRunner.Script", "SlidingApps.TaskRunner.Script\SlidingApps.TaskRunner.Script.csproj", "{5CAA2C1D-1C4B-4B6A-B82E-4C0DC0044B73}"
EndProject
Project("{2150E333-8FDC-42A3-9474-1A3956D46DE8}") = "Infrastructure", "Infrastructure", "{F110B19F-7017-466D-B95A-554AFDCE89FA}"
EndProject
Project("{2150E333-8FDC-42A3-9474-1A3956D46DE8}") = "Platform", "Platform", "{09B799B1-2010-4278-B738-F53AB4547AB2}"
EndProject
Project("{FAE04EC0-301F-11D3-BF4B-00C04F79EFBC}") = "SlidingApps.TaskRunner.WriteModel.Platform.Bus", "SlidingApps.TaskRunner.WriteModel.Platform.Bus\SlidingApps.TaskRunner.WriteModel.Platform.Bus.csproj", "{D72A5710-1476-49EA-A412-4F2746DA45E9}"
EndProject
Project("{FAE04EC0-301F-11D3-BF4B-00C04F79EFBC}") = "SlidingApps.TaskRunner.WriteModel.Infrastructure.Domain.Model", "SlidingApps.TaskRunner.WriteModel.Infrastructure.Domain.Model\SlidingApps.TaskRunner.WriteModel.Infrastructure.Domain.Model.csproj", "{1BCEF76C-4A38-481E-8B71-EC024C9A314E}"
EndProject
Project("{FAE04EC0-301F-11D3-BF4B-00C04F79EFBC}") = "SlidingApps.TaskRunner.WriteModel.Infrastructure.Api", "SlidingApps.TaskRunner.WriteModel.Infrastructure.Api\SlidingApps.TaskRunner.WriteModel.Infrastructure.Api.csproj", "{0545C12F-0EF7-413B-A6D4-93EC31B16193}"
EndProject
Project("{FAE04EC0-301F-11D3-BF4B-00C04F79EFBC}") = "SlidingApps.TaskRunner.WriteModel.Infrastructure.Bus", "SlidingApps.TaskRunner.WriteModel.Infrastructure.Bus\SlidingApps.TaskRunner.WriteModel.Infrastructure.Bus.csproj", "{4D93A6F9-51CE-46A9-8573-A56BE386C5CE}"
EndProject
Project("{FAE04EC0-301F-11D3-BF4B-00C04F79EFBC}") = "SlidingApps.TaskRunner.WriteModel.Infrastructure.Domain", "SlidingApps.TaskRunner.WriteModel.Infrastructure.Domain\SlidingApps.TaskRunner.WriteModel.Infrastructure.Domain.csproj", "{CEA11CE7-8E8B-48AE-9345-4EFC7595D77B}"
EndProject
Project("{FAE04EC0-301F-11D3-BF4B-00C04F79EFBC}") = "SlidingApps.TaskRunner.WriteModel.Platform.Api", "SlidingApps.TaskRunner.WriteModel.Platform.Api\SlidingApps.TaskRunner.WriteModel.Platform.Api.csproj", "{7D6980AC-CC62-46F8-923C-4CFC5D694830}"
EndProject
Project("{FAE04EC0-301F-11D3-BF4B-00C04F79EFBC}") = "SlidingApps.TaskRunner.WriteModel.Platform.Domain.Model", "SlidingApps.TaskRunner.WriteModel.Platform.Domain.Model\SlidingApps.TaskRunner.WriteModel.Platform.Domain.Model.csproj", "{30E22C8F-AB7B-4F64-B787-FF2AF007C1BD}"
EndProject
Project("{FAE04EC0-301F-11D3-BF4B-00C04F79EFBC}") = "SlidingApps.TaskRunner.WriteModel.Platform.Domain", "SlidingApps.TaskRunner.WriteModel.Platform.Domain\SlidingApps.TaskRunner.WriteModel.Platform.Domain.csproj", "{3A6F8265-538A-43D5-910F-7862E40C46D9}"
EndProject
Project("{FAE04EC0-301F-11D3-BF4B-00C04F79EFBC}") = "SlidingApps.TaskRunner.ReadModel.Platform.Api", "SlidingApps.TaskRunner.ReadModel.Platform.Api\SlidingApps.TaskRunner.ReadModel.Platform.Api.csproj", "{537450FB-7B6C-40F8-8DCE-16842AFD859A}"
EndProject
Project("{FAE04EC0-301F-11D3-BF4B-00C04F79EFBC}") = "SlidingApps.TaskRunner.ReadModel.Platform.Domain", "SlidingApps.TaskRunner.ReadModel.Platform.Domain\SlidingApps.TaskRunner.ReadModel.Platform.Domain.csproj", "{02E7593A-CA94-4E3F-8ACA-639BBE45C2AB}"
EndProject
Project("{FAE04EC0-301F-11D3-BF4B-00C04F79EFBC}") = "SlidingApps.TaskRunner.ReadModel.Platform.Composition", "SlidingApps.TaskRunner.ReadModel.Platform.Composition\SlidingApps.TaskRunner.ReadModel.Platform.Composition.csproj", "{F170CAA8-750C-44B3-AA7C-C46C21AA86D2}"
EndProject
Project("{FAE04EC0-301F-11D3-BF4B-00C04F79EFBC}") = "SlidingApps.TaskRunner.ReadModel.Platform.Api.Host", "SlidingApps.TaskRunner.ReadModel.Platform.Api.Host\SlidingApps.TaskRunner.ReadModel.Platform.Api.Host.csproj", "{C61B1682-58D9-44DE-85F4-FD95D1877986}"
EndProject
Project("{FAE04EC0-301F-11D3-BF4B-00C04F79EFBC}") = "SlidingApps.TaskRunner.WriteModel.Platform.Api.Host", "SlidingApps.TaskRunner.WriteModel.Platform.Api.Host\SlidingApps.TaskRunner.WriteModel.Platform.Api.Host.csproj", "{6EA71B9E-C0EA-4DBA-A178-BCE7D514619B}"
EndProject
Project("{FAE04EC0-301F-11D3-BF4B-00C04F79EFBC}") = "SlidingApps.TaskRunner.WriteModel.Platform.Bus.Host", "SlidingApps.TaskRunner.WriteModel.Platform.Bus.Host\SlidingApps.TaskRunner.WriteModel.Platform.Bus.Host.csproj", "{980BF67C-F33E-48E7-B796-0C931B38B385}"
EndProject
Project("{2150E333-8FDC-42A3-9474-1A3956D46DE8}") = "Platform", "Platform", "{F39D5F1E-0696-49C5-A034-5456939AAE10}"
EndProject
Project("{2150E333-8FDC-42A3-9474-1A3956D46DE8}") = "Platform", "Platform", "{60CCD6CA-E7EB-41B8-9E08-177F9C8B7E6C}"
EndProject
Project("{FAE04EC0-301F-11D3-BF4B-00C04F79EFBC}") = "SlidingApps.TaskRunner.WriteModel.Infrastructure.Proxy", "SlidingApps.TaskRunner.WriteModel.Infrastructure.Proxy\SlidingApps.TaskRunner.WriteModel.Infrastructure.Proxy.csproj", "{6599A2BB-D495-4E6B-889C-4E2A19A3B17D}"
EndProject
Project("{2150E333-8FDC-42A3-9474-1A3956D46DE8}") = "Communication", "Communication", "{C6991B48-2DB6-44CA-AFD4-F13E6C2D06EA}"
EndProject
Project("{2150E333-8FDC-42A3-9474-1A3956D46DE8}") = "Solution Items", "Solution Items", "{05BF0D4A-9A60-415B-8BEB-CA48318A191D}"
	ProjectSection(SolutionItems) = preProject
		generate-mail-webapi-proxy.bat = generate-mail-webapi-proxy.bat
		generate-platform-webapi-proxy.bat = generate-platform-webapi-proxy.bat
	EndProjectSection
EndProject
Project("{FAE04EC0-301F-11D3-BF4B-00C04F79EFBC}") = "SlidingApps.TaskRunner.WriteModel.Infrastructure.Api.Host", "SlidingApps.TaskRunner.WriteModel.Infrastructure.Api.Host\SlidingApps.TaskRunner.WriteModel.Infrastructure.Api.Host.csproj", "{F773EBFB-D9DA-4EC6-ADFE-FE42FDB657D8}"
EndProject
Project("{FAE04EC0-301F-11D3-BF4B-00C04F79EFBC}") = "SlidingApps.TaskRunner.WriteModel.Infrasructure.Bus.Host", "SlidingApps.TaskRunner.WriteModel.Infrastructure.Bus.Host\SlidingApps.TaskRunner.WriteModel.Infrasructure.Bus.Host.csproj", "{0DF23F83-7B38-4441-99C5-B3766CB37183}"
EndProject
Global
	GlobalSection(SolutionConfigurationPlatforms) = preSolution
		Debug|Any CPU = Debug|Any CPU
		Release|Any CPU = Release|Any CPU
	EndGlobalSection
	GlobalSection(ProjectConfigurationPlatforms) = postSolution
		{036BA076-A10B-4A2F-B2FD-9174D7F30F0F}.Debug|Any CPU.ActiveCfg = Debug|Any CPU
		{036BA076-A10B-4A2F-B2FD-9174D7F30F0F}.Debug|Any CPU.Build.0 = Debug|Any CPU
		{036BA076-A10B-4A2F-B2FD-9174D7F30F0F}.Release|Any CPU.ActiveCfg = Release|Any CPU
		{036BA076-A10B-4A2F-B2FD-9174D7F30F0F}.Release|Any CPU.Build.0 = Release|Any CPU
		{F9116265-9F56-4C65-B3E6-124ED20A6721}.Debug|Any CPU.ActiveCfg = Debug|Any CPU
		{F9116265-9F56-4C65-B3E6-124ED20A6721}.Debug|Any CPU.Build.0 = Debug|Any CPU
		{F9116265-9F56-4C65-B3E6-124ED20A6721}.Release|Any CPU.ActiveCfg = Release|Any CPU
		{F9116265-9F56-4C65-B3E6-124ED20A6721}.Release|Any CPU.Build.0 = Release|Any CPU
		{34A3A49F-D391-4F83-A10D-4CFEEA3DFDF9}.Debug|Any CPU.ActiveCfg = Debug|Any CPU
		{34A3A49F-D391-4F83-A10D-4CFEEA3DFDF9}.Debug|Any CPU.Build.0 = Debug|Any CPU
		{34A3A49F-D391-4F83-A10D-4CFEEA3DFDF9}.Release|Any CPU.ActiveCfg = Release|Any CPU
		{34A3A49F-D391-4F83-A10D-4CFEEA3DFDF9}.Release|Any CPU.Build.0 = Release|Any CPU
		{E13532DE-5159-4031-95F3-BFDA5053342B}.Debug|Any CPU.ActiveCfg = Debug|Any CPU
		{E13532DE-5159-4031-95F3-BFDA5053342B}.Debug|Any CPU.Build.0 = Debug|Any CPU
		{E13532DE-5159-4031-95F3-BFDA5053342B}.Release|Any CPU.ActiveCfg = Release|Any CPU
		{E13532DE-5159-4031-95F3-BFDA5053342B}.Release|Any CPU.Build.0 = Release|Any CPU
		{C57FD21D-CC3B-4BAC-9431-19D92EFCCB2B}.Debug|Any CPU.ActiveCfg = Debug|Any CPU
		{C57FD21D-CC3B-4BAC-9431-19D92EFCCB2B}.Debug|Any CPU.Build.0 = Debug|Any CPU
		{C57FD21D-CC3B-4BAC-9431-19D92EFCCB2B}.Release|Any CPU.ActiveCfg = Release|Any CPU
		{C57FD21D-CC3B-4BAC-9431-19D92EFCCB2B}.Release|Any CPU.Build.0 = Release|Any CPU
		{D669B2A8-D7B2-48DF-8A9C-ADC09A704B32}.Debug|Any CPU.ActiveCfg = Debug|Any CPU
		{D669B2A8-D7B2-48DF-8A9C-ADC09A704B32}.Debug|Any CPU.Build.0 = Debug|Any CPU
		{D669B2A8-D7B2-48DF-8A9C-ADC09A704B32}.Release|Any CPU.ActiveCfg = Release|Any CPU
		{D669B2A8-D7B2-48DF-8A9C-ADC09A704B32}.Release|Any CPU.Build.0 = Release|Any CPU
		{5BF4F4DE-54EE-4D00-9079-EF071A300076}.Debug|Any CPU.ActiveCfg = Debug|Any CPU
		{5BF4F4DE-54EE-4D00-9079-EF071A300076}.Debug|Any CPU.Build.0 = Debug|Any CPU
		{5BF4F4DE-54EE-4D00-9079-EF071A300076}.Release|Any CPU.ActiveCfg = Release|Any CPU
		{5BF4F4DE-54EE-4D00-9079-EF071A300076}.Release|Any CPU.Build.0 = Release|Any CPU
		{E123D615-8BA3-438C-8E46-B99E09312522}.Debug|Any CPU.ActiveCfg = Debug|Any CPU
		{E123D615-8BA3-438C-8E46-B99E09312522}.Debug|Any CPU.Build.0 = Debug|Any CPU
		{E123D615-8BA3-438C-8E46-B99E09312522}.Release|Any CPU.ActiveCfg = Release|Any CPU
		{E123D615-8BA3-438C-8E46-B99E09312522}.Release|Any CPU.Build.0 = Release|Any CPU
		{147DCDD1-7B9C-45DE-BC2D-9756D687B79B}.Debug|Any CPU.ActiveCfg = Debug|Any CPU
		{147DCDD1-7B9C-45DE-BC2D-9756D687B79B}.Debug|Any CPU.Build.0 = Debug|Any CPU
		{147DCDD1-7B9C-45DE-BC2D-9756D687B79B}.Release|Any CPU.ActiveCfg = Release|Any CPU
		{147DCDD1-7B9C-45DE-BC2D-9756D687B79B}.Release|Any CPU.Build.0 = Release|Any CPU
		{8E0FEBBF-FC49-439C-AC8D-24E0A327783A}.Debug|Any CPU.ActiveCfg = Debug|Any CPU
		{8E0FEBBF-FC49-439C-AC8D-24E0A327783A}.Debug|Any CPU.Build.0 = Debug|Any CPU
		{8E0FEBBF-FC49-439C-AC8D-24E0A327783A}.Release|Any CPU.ActiveCfg = Release|Any CPU
		{8E0FEBBF-FC49-439C-AC8D-24E0A327783A}.Release|Any CPU.Build.0 = Release|Any CPU
		{C866A9C7-BF83-46F7-A8AE-7204BBBCFC7C}.Debug|Any CPU.ActiveCfg = Debug|Any CPU
		{C866A9C7-BF83-46F7-A8AE-7204BBBCFC7C}.Debug|Any CPU.Build.0 = Debug|Any CPU
		{C866A9C7-BF83-46F7-A8AE-7204BBBCFC7C}.Release|Any CPU.ActiveCfg = Release|Any CPU
		{C866A9C7-BF83-46F7-A8AE-7204BBBCFC7C}.Release|Any CPU.Build.0 = Release|Any CPU
		{D218198B-AFA0-44C1-8931-0B9DA80C7C49}.Debug|Any CPU.ActiveCfg = Debug|Any CPU
		{D218198B-AFA0-44C1-8931-0B9DA80C7C49}.Debug|Any CPU.Build.0 = Debug|Any CPU
		{D218198B-AFA0-44C1-8931-0B9DA80C7C49}.Release|Any CPU.ActiveCfg = Release|Any CPU
		{D218198B-AFA0-44C1-8931-0B9DA80C7C49}.Release|Any CPU.Build.0 = Release|Any CPU
		{CE2EE3A6-73D7-46DA-9716-8D4115FB66D7}.Debug|Any CPU.ActiveCfg = Debug|Any CPU
		{CE2EE3A6-73D7-46DA-9716-8D4115FB66D7}.Debug|Any CPU.Build.0 = Debug|Any CPU
		{CE2EE3A6-73D7-46DA-9716-8D4115FB66D7}.Release|Any CPU.ActiveCfg = Release|Any CPU
		{CE2EE3A6-73D7-46DA-9716-8D4115FB66D7}.Release|Any CPU.Build.0 = Release|Any CPU
		{6CCDD3C7-9161-4E74-BB4E-D72FEE60CBC3}.Debug|Any CPU.ActiveCfg = Debug|Any CPU
		{6CCDD3C7-9161-4E74-BB4E-D72FEE60CBC3}.Debug|Any CPU.Build.0 = Debug|Any CPU
		{6CCDD3C7-9161-4E74-BB4E-D72FEE60CBC3}.Release|Any CPU.ActiveCfg = Release|Any CPU
		{6CCDD3C7-9161-4E74-BB4E-D72FEE60CBC3}.Release|Any CPU.Build.0 = Release|Any CPU
		{5CAA2C1D-1C4B-4B6A-B82E-4C0DC0044B73}.Debug|Any CPU.ActiveCfg = Debug|Any CPU
		{5CAA2C1D-1C4B-4B6A-B82E-4C0DC0044B73}.Debug|Any CPU.Build.0 = Debug|Any CPU
		{5CAA2C1D-1C4B-4B6A-B82E-4C0DC0044B73}.Release|Any CPU.ActiveCfg = Release|Any CPU
		{5CAA2C1D-1C4B-4B6A-B82E-4C0DC0044B73}.Release|Any CPU.Build.0 = Release|Any CPU
		{D72A5710-1476-49EA-A412-4F2746DA45E9}.Debug|Any CPU.ActiveCfg = Debug|Any CPU
		{D72A5710-1476-49EA-A412-4F2746DA45E9}.Debug|Any CPU.Build.0 = Debug|Any CPU
		{D72A5710-1476-49EA-A412-4F2746DA45E9}.Release|Any CPU.ActiveCfg = Release|Any CPU
		{D72A5710-1476-49EA-A412-4F2746DA45E9}.Release|Any CPU.Build.0 = Release|Any CPU
		{1BCEF76C-4A38-481E-8B71-EC024C9A314E}.Debug|Any CPU.ActiveCfg = Debug|Any CPU
		{1BCEF76C-4A38-481E-8B71-EC024C9A314E}.Debug|Any CPU.Build.0 = Debug|Any CPU
		{1BCEF76C-4A38-481E-8B71-EC024C9A314E}.Release|Any CPU.ActiveCfg = Release|Any CPU
		{1BCEF76C-4A38-481E-8B71-EC024C9A314E}.Release|Any CPU.Build.0 = Release|Any CPU
		{0545C12F-0EF7-413B-A6D4-93EC31B16193}.Debug|Any CPU.ActiveCfg = Debug|Any CPU
		{0545C12F-0EF7-413B-A6D4-93EC31B16193}.Debug|Any CPU.Build.0 = Debug|Any CPU
		{0545C12F-0EF7-413B-A6D4-93EC31B16193}.Release|Any CPU.ActiveCfg = Release|Any CPU
		{0545C12F-0EF7-413B-A6D4-93EC31B16193}.Release|Any CPU.Build.0 = Release|Any CPU
		{4D93A6F9-51CE-46A9-8573-A56BE386C5CE}.Debug|Any CPU.ActiveCfg = Debug|Any CPU
		{4D93A6F9-51CE-46A9-8573-A56BE386C5CE}.Debug|Any CPU.Build.0 = Debug|Any CPU
		{4D93A6F9-51CE-46A9-8573-A56BE386C5CE}.Release|Any CPU.ActiveCfg = Release|Any CPU
		{4D93A6F9-51CE-46A9-8573-A56BE386C5CE}.Release|Any CPU.Build.0 = Release|Any CPU
		{CEA11CE7-8E8B-48AE-9345-4EFC7595D77B}.Debug|Any CPU.ActiveCfg = Debug|Any CPU
		{CEA11CE7-8E8B-48AE-9345-4EFC7595D77B}.Debug|Any CPU.Build.0 = Debug|Any CPU
		{CEA11CE7-8E8B-48AE-9345-4EFC7595D77B}.Release|Any CPU.ActiveCfg = Release|Any CPU
		{CEA11CE7-8E8B-48AE-9345-4EFC7595D77B}.Release|Any CPU.Build.0 = Release|Any CPU
		{7D6980AC-CC62-46F8-923C-4CFC5D694830}.Debug|Any CPU.ActiveCfg = Debug|Any CPU
		{7D6980AC-CC62-46F8-923C-4CFC5D694830}.Debug|Any CPU.Build.0 = Debug|Any CPU
		{7D6980AC-CC62-46F8-923C-4CFC5D694830}.Release|Any CPU.ActiveCfg = Release|Any CPU
		{7D6980AC-CC62-46F8-923C-4CFC5D694830}.Release|Any CPU.Build.0 = Release|Any CPU
		{30E22C8F-AB7B-4F64-B787-FF2AF007C1BD}.Debug|Any CPU.ActiveCfg = Debug|Any CPU
		{30E22C8F-AB7B-4F64-B787-FF2AF007C1BD}.Debug|Any CPU.Build.0 = Debug|Any CPU
		{30E22C8F-AB7B-4F64-B787-FF2AF007C1BD}.Release|Any CPU.ActiveCfg = Release|Any CPU
		{30E22C8F-AB7B-4F64-B787-FF2AF007C1BD}.Release|Any CPU.Build.0 = Release|Any CPU
		{3A6F8265-538A-43D5-910F-7862E40C46D9}.Debug|Any CPU.ActiveCfg = Debug|Any CPU
		{3A6F8265-538A-43D5-910F-7862E40C46D9}.Debug|Any CPU.Build.0 = Debug|Any CPU
		{3A6F8265-538A-43D5-910F-7862E40C46D9}.Release|Any CPU.ActiveCfg = Release|Any CPU
		{3A6F8265-538A-43D5-910F-7862E40C46D9}.Release|Any CPU.Build.0 = Release|Any CPU
		{537450FB-7B6C-40F8-8DCE-16842AFD859A}.Debug|Any CPU.ActiveCfg = Debug|Any CPU
		{537450FB-7B6C-40F8-8DCE-16842AFD859A}.Debug|Any CPU.Build.0 = Debug|Any CPU
		{537450FB-7B6C-40F8-8DCE-16842AFD859A}.Release|Any CPU.ActiveCfg = Release|Any CPU
		{537450FB-7B6C-40F8-8DCE-16842AFD859A}.Release|Any CPU.Build.0 = Release|Any CPU
		{02E7593A-CA94-4E3F-8ACA-639BBE45C2AB}.Debug|Any CPU.ActiveCfg = Debug|Any CPU
		{02E7593A-CA94-4E3F-8ACA-639BBE45C2AB}.Debug|Any CPU.Build.0 = Debug|Any CPU
		{02E7593A-CA94-4E3F-8ACA-639BBE45C2AB}.Release|Any CPU.ActiveCfg = Release|Any CPU
		{02E7593A-CA94-4E3F-8ACA-639BBE45C2AB}.Release|Any CPU.Build.0 = Release|Any CPU
		{F170CAA8-750C-44B3-AA7C-C46C21AA86D2}.Debug|Any CPU.ActiveCfg = Debug|Any CPU
		{F170CAA8-750C-44B3-AA7C-C46C21AA86D2}.Debug|Any CPU.Build.0 = Debug|Any CPU
		{F170CAA8-750C-44B3-AA7C-C46C21AA86D2}.Release|Any CPU.ActiveCfg = Release|Any CPU
		{F170CAA8-750C-44B3-AA7C-C46C21AA86D2}.Release|Any CPU.Build.0 = Release|Any CPU
		{C61B1682-58D9-44DE-85F4-FD95D1877986}.Debug|Any CPU.ActiveCfg = Debug|Any CPU
		{C61B1682-58D9-44DE-85F4-FD95D1877986}.Debug|Any CPU.Build.0 = Debug|Any CPU
		{C61B1682-58D9-44DE-85F4-FD95D1877986}.Release|Any CPU.ActiveCfg = Release|Any CPU
		{C61B1682-58D9-44DE-85F4-FD95D1877986}.Release|Any CPU.Build.0 = Release|Any CPU
		{6EA71B9E-C0EA-4DBA-A178-BCE7D514619B}.Debug|Any CPU.ActiveCfg = Debug|Any CPU
		{6EA71B9E-C0EA-4DBA-A178-BCE7D514619B}.Debug|Any CPU.Build.0 = Debug|Any CPU
		{6EA71B9E-C0EA-4DBA-A178-BCE7D514619B}.Release|Any CPU.ActiveCfg = Release|Any CPU
		{6EA71B9E-C0EA-4DBA-A178-BCE7D514619B}.Release|Any CPU.Build.0 = Release|Any CPU
		{980BF67C-F33E-48E7-B796-0C931B38B385}.Debug|Any CPU.ActiveCfg = Debug|Any CPU
		{980BF67C-F33E-48E7-B796-0C931B38B385}.Debug|Any CPU.Build.0 = Debug|Any CPU
		{980BF67C-F33E-48E7-B796-0C931B38B385}.Release|Any CPU.ActiveCfg = Release|Any CPU
		{980BF67C-F33E-48E7-B796-0C931B38B385}.Release|Any CPU.Build.0 = Release|Any CPU
		{6599A2BB-D495-4E6B-889C-4E2A19A3B17D}.Debug|Any CPU.ActiveCfg = Debug|Any CPU
		{6599A2BB-D495-4E6B-889C-4E2A19A3B17D}.Debug|Any CPU.Build.0 = Debug|Any CPU
		{6599A2BB-D495-4E6B-889C-4E2A19A3B17D}.Release|Any CPU.ActiveCfg = Release|Any CPU
		{6599A2BB-D495-4E6B-889C-4E2A19A3B17D}.Release|Any CPU.Build.0 = Release|Any CPU
		{F773EBFB-D9DA-4EC6-ADFE-FE42FDB657D8}.Debug|Any CPU.ActiveCfg = Debug|Any CPU
		{F773EBFB-D9DA-4EC6-ADFE-FE42FDB657D8}.Debug|Any CPU.Build.0 = Debug|Any CPU
		{F773EBFB-D9DA-4EC6-ADFE-FE42FDB657D8}.Release|Any CPU.ActiveCfg = Release|Any CPU
		{F773EBFB-D9DA-4EC6-ADFE-FE42FDB657D8}.Release|Any CPU.Build.0 = Release|Any CPU
		{0DF23F83-7B38-4441-99C5-B3766CB37183}.Debug|Any CPU.ActiveCfg = Debug|Any CPU
		{0DF23F83-7B38-4441-99C5-B3766CB37183}.Debug|Any CPU.Build.0 = Debug|Any CPU
		{0DF23F83-7B38-4441-99C5-B3766CB37183}.Release|Any CPU.ActiveCfg = Release|Any CPU
		{0DF23F83-7B38-4441-99C5-B3766CB37183}.Release|Any CPU.Build.0 = Release|Any CPU
	EndGlobalSection
	GlobalSection(SolutionProperties) = preSolution
		HideSolutionNode = FALSE
	EndGlobalSection
	GlobalSection(NestedProjects) = preSolution
		{036BA076-A10B-4A2F-B2FD-9174D7F30F0F} = {026944D3-454F-494B-BBFC-21864AE812B0}
		{F9116265-9F56-4C65-B3E6-124ED20A6721} = {026944D3-454F-494B-BBFC-21864AE812B0}
		{34A3A49F-D391-4F83-A10D-4CFEEA3DFDF9} = {026944D3-454F-494B-BBFC-21864AE812B0}
		{E13532DE-5159-4031-95F3-BFDA5053342B} = {026944D3-454F-494B-BBFC-21864AE812B0}
		{C57FD21D-CC3B-4BAC-9431-19D92EFCCB2B} = {026944D3-454F-494B-BBFC-21864AE812B0}
		{D669B2A8-D7B2-48DF-8A9C-ADC09A704B32} = {026944D3-454F-494B-BBFC-21864AE812B0}
		{5BF4F4DE-54EE-4D00-9079-EF071A300076} = {026944D3-454F-494B-BBFC-21864AE812B0}
		{E123D615-8BA3-438C-8E46-B99E09312522} = {026944D3-454F-494B-BBFC-21864AE812B0}
		{147DCDD1-7B9C-45DE-BC2D-9756D687B79B} = {026944D3-454F-494B-BBFC-21864AE812B0}
		{8E0FEBBF-FC49-439C-AC8D-24E0A327783A} = {026944D3-454F-494B-BBFC-21864AE812B0}
		{C866A9C7-BF83-46F7-A8AE-7204BBBCFC7C} = {026944D3-454F-494B-BBFC-21864AE812B0}
		{D218198B-AFA0-44C1-8931-0B9DA80C7C49} = {283426EB-B821-4AF2-908E-EC30DFCD1351}
		{CE2EE3A6-73D7-46DA-9716-8D4115FB66D7} = {283426EB-B821-4AF2-908E-EC30DFCD1351}
		{6CCDD3C7-9161-4E74-BB4E-D72FEE60CBC3} = {283426EB-B821-4AF2-908E-EC30DFCD1351}
		{5CAA2C1D-1C4B-4B6A-B82E-4C0DC0044B73} = {F58CB8EE-4E8F-4DFA-B4C2-5A557799C1F5}
		{F110B19F-7017-466D-B95A-554AFDCE89FA} = {3CBEC72E-1DE8-4E59-9C89-26E23B41D27E}
		{09B799B1-2010-4278-B738-F53AB4547AB2} = {3CBEC72E-1DE8-4E59-9C89-26E23B41D27E}
		{D72A5710-1476-49EA-A412-4F2746DA45E9} = {09B799B1-2010-4278-B738-F53AB4547AB2}
		{1BCEF76C-4A38-481E-8B71-EC024C9A314E} = {F110B19F-7017-466D-B95A-554AFDCE89FA}
		{0545C12F-0EF7-413B-A6D4-93EC31B16193} = {F110B19F-7017-466D-B95A-554AFDCE89FA}
		{4D93A6F9-51CE-46A9-8573-A56BE386C5CE} = {F110B19F-7017-466D-B95A-554AFDCE89FA}
		{CEA11CE7-8E8B-48AE-9345-4EFC7595D77B} = {F110B19F-7017-466D-B95A-554AFDCE89FA}
		{7D6980AC-CC62-46F8-923C-4CFC5D694830} = {09B799B1-2010-4278-B738-F53AB4547AB2}
		{30E22C8F-AB7B-4F64-B787-FF2AF007C1BD} = {09B799B1-2010-4278-B738-F53AB4547AB2}
		{3A6F8265-538A-43D5-910F-7862E40C46D9} = {09B799B1-2010-4278-B738-F53AB4547AB2}
		{537450FB-7B6C-40F8-8DCE-16842AFD859A} = {F39D5F1E-0696-49C5-A034-5456939AAE10}
		{02E7593A-CA94-4E3F-8ACA-639BBE45C2AB} = {F39D5F1E-0696-49C5-A034-5456939AAE10}
		{F170CAA8-750C-44B3-AA7C-C46C21AA86D2} = {F39D5F1E-0696-49C5-A034-5456939AAE10}
		{C61B1682-58D9-44DE-85F4-FD95D1877986} = {60CCD6CA-E7EB-41B8-9E08-177F9C8B7E6C}
		{6EA71B9E-C0EA-4DBA-A178-BCE7D514619B} = {60CCD6CA-E7EB-41B8-9E08-177F9C8B7E6C}
		{980BF67C-F33E-48E7-B796-0C931B38B385} = {60CCD6CA-E7EB-41B8-9E08-177F9C8B7E6C}
		{F39D5F1E-0696-49C5-A034-5456939AAE10} = {66C75565-40B6-4FFC-9DD4-C13B16BAC826}
		{60CCD6CA-E7EB-41B8-9E08-177F9C8B7E6C} = {33DD99B4-5A17-4BEE-A5C9-ED2A41B3E14B}
		{6599A2BB-D495-4E6B-889C-4E2A19A3B17D} = {F110B19F-7017-466D-B95A-554AFDCE89FA}
		{C6991B48-2DB6-44CA-AFD4-F13E6C2D06EA} = {33DD99B4-5A17-4BEE-A5C9-ED2A41B3E14B}
		{F773EBFB-D9DA-4EC6-ADFE-FE42FDB657D8} = {C6991B48-2DB6-44CA-AFD4-F13E6C2D06EA}
		{0DF23F83-7B38-4441-99C5-B3766CB37183} = {C6991B48-2DB6-44CA-AFD4-F13E6C2D06EA}
	EndGlobalSection
EndGlobal
